
Microsoft Visual Studio Solution File, Format Version 12.00
# Visual Studio Version 17
VisualStudioVersion = 17.7.34024.191
MinimumVisualStudioVersion = 10.0.40219.1
Project("{FAE04EC0-301F-11D3-BF4B-00C04F79EFBC}") = "UserTask", "UserTask.csproj", "{9372761F-78B4-41EF-8515-0B514E54623A}"
EndProject
Global
	GlobalSection(SolutionConfigurationPlatforms) = preSolution
		Debug|Any CPU = Debug|Any CPU
		Release|Any CPU = Release|Any CPU
	EndGlobalSection
	GlobalSection(ProjectConfigurationPlatforms) = postSolution
		{9372761F-78B4-41EF-8515-0B514E54623A}.Debug|Any CPU.ActiveCfg = Debug|Any CPU
		{9372761F-78B4-41EF-8515-0B514E54623A}.Debug|Any CPU.Build.0 = Debug|Any CPU
		{9372761F-78B4-41EF-8515-0B514E54623A}.Release|Any CPU.ActiveCfg = Release|Any CPU
		{9372761F-78B4-41EF-8515-0B514E54623A}.Release|Any CPU.Build.0 = Release|Any CPU
	EndGlobalSection
	GlobalSection(SolutionProperties) = preSolution
		HideSolutionNode = FALSE
	EndGlobalSection
	GlobalSection(ExtensibilityGlobals) = postSolution
		SolutionGuid = {013B2C76-B5B0-4B8F-AFBF-7A1D158CFC67}
	EndGlobalSection
EndGlobal
